
Microsoft Visual Studio Solution File, Format Version 12.00
# Visual Studio 14
VisualStudioVersion = 14.0.24720.0
MinimumVisualStudioVersion = 10.0.40219.1
Project("{FAE04EC0-301F-11D3-BF4B-00C04F79EFBC}") = "data-access", "data-access\data-access.csproj", "{0098F01B-3339-4457-BB37-044B24F71258}"
EndProject
Project("{FAE04EC0-301F-11D3-BF4B-00C04F79EFBC}") = "entities", "entities\entities.csproj", "{C30DDEE1-A1E3-4AE1-81A3-C1DFC0F792D5}"
EndProject
Global
	GlobalSection(SolutionConfigurationPlatforms) = preSolution
		Debug|Any CPU = Debug|Any CPU
		Release|Any CPU = Release|Any CPU
	EndGlobalSection
	GlobalSection(ProjectConfigurationPlatforms) = postSolution
		{0098F01B-3339-4457-BB37-044B24F71258}.Debug|Any CPU.ActiveCfg = Debug|Any CPU
		{0098F01B-3339-4457-BB37-044B24F71258}.Debug|Any CPU.Build.0 = Debug|Any CPU
		{0098F01B-3339-4457-BB37-044B24F71258}.Release|Any CPU.ActiveCfg = Release|Any CPU
		{0098F01B-3339-4457-BB37-044B24F71258}.Release|Any CPU.Build.0 = Release|Any CPU
		{C30DDEE1-A1E3-4AE1-81A3-C1DFC0F792D5}.Debug|Any CPU.ActiveCfg = Debug|Any CPU
		{C30DDEE1-A1E3-4AE1-81A3-C1DFC0F792D5}.Debug|Any CPU.Build.0 = Debug|Any CPU
		{C30DDEE1-A1E3-4AE1-81A3-C1DFC0F792D5}.Release|Any CPU.ActiveCfg = Release|Any CPU
		{C30DDEE1-A1E3-4AE1-81A3-C1DFC0F792D5}.Release|Any CPU.Build.0 = Release|Any CPU
	EndGlobalSection
	GlobalSection(SolutionProperties) = preSolution
		HideSolutionNode = FALSE
	EndGlobalSection
EndGlobal
